
Microsoft Visual Studio Solution File, Format Version 12.00
# Visual Studio Version 17
VisualStudioVersion = 17.11.35312.102
MinimumVisualStudioVersion = 10.0.40219.1
Project("{FAE04EC0-301F-11D3-BF4B-00C04F79EFBC}") = "atividade_mercadinho", "atividade_mercadinho\atividade_mercadinho.csproj", "{30301CB5-B133-403B-9261-EDB4CADFDDFE}"
EndProject
Global
	GlobalSection(SolutionConfigurationPlatforms) = preSolution
		Debug|Any CPU = Debug|Any CPU
		Release|Any CPU = Release|Any CPU
	EndGlobalSection
	GlobalSection(ProjectConfigurationPlatforms) = postSolution
		{30301CB5-B133-403B-9261-EDB4CADFDDFE}.Debug|Any CPU.ActiveCfg = Debug|Any CPU
		{30301CB5-B133-403B-9261-EDB4CADFDDFE}.Debug|Any CPU.Build.0 = Debug|Any CPU
		{30301CB5-B133-403B-9261-EDB4CADFDDFE}.Release|Any CPU.ActiveCfg = Release|Any CPU
		{30301CB5-B133-403B-9261-EDB4CADFDDFE}.Release|Any CPU.Build.0 = Release|Any CPU
	EndGlobalSection
	GlobalSection(SolutionProperties) = preSolution
		HideSolutionNode = FALSE
	EndGlobalSection
	GlobalSection(ExtensibilityGlobals) = postSolution
		SolutionGuid = {DDBD5618-5E15-4E7D-B390-193BEBA61B50}
	EndGlobalSection
EndGlobal
